
Microsoft Visual Studio Solution File, Format Version 12.00
# Visual Studio 2012
VisualStudioVersion = 12.0.30723.0
MinimumVisualStudioVersion = 10.0.40219.1
Project("{FAE04EC0-301F-11D3-BF4B-00C04F79EFBC}") = "SocketServer", "SocketServer\SocketServer\SocketServer.csproj", "{95516852-FA6E-453C-9F60-790D0252B905}"
EndProject
Project("{FAE04EC0-301F-11D3-BF4B-00C04F79EFBC}") = "Test", "Test\Test.csproj", "{3D964FDB-46C2-4C5D-A6C6-9CB1ECBF65DC}"
EndProject
Project("{FAE04EC0-301F-11D3-BF4B-00C04F79EFBC}") = "HttpServer", "HttpServer\HttpServer.csproj", "{854863F2-8B56-4625-ACFF-8BE2B4E5732A}"
EndProject
Project("{FAE04EC0-301F-11D3-BF4B-00C04F79EFBC}") = "Example", "Example\Example.csproj", "{E0B821C2-1A3A-427D-BE9E-88F18417FA57}"
EndProject
Project("{FAE04EC0-301F-11D3-BF4B-00C04F79EFBC}") = "Middlewares", "Middlewares\Middlewares.csproj", "{292F3076-64E3-431C-A6CB-D2A6A6362472}"
EndProject
Global
	GlobalSection(SolutionConfigurationPlatforms) = preSolution
		Debug|Any CPU = Debug|Any CPU
		Release|Any CPU = Release|Any CPU
	EndGlobalSection
	GlobalSection(ProjectConfigurationPlatforms) = postSolution
		{292F3076-64E3-431C-A6CB-D2A6A6362472}.Debug|Any CPU.ActiveCfg = Debug|Any CPU
		{292F3076-64E3-431C-A6CB-D2A6A6362472}.Debug|Any CPU.Build.0 = Debug|Any CPU
		{292F3076-64E3-431C-A6CB-D2A6A6362472}.Release|Any CPU.ActiveCfg = Release|Any CPU
		{292F3076-64E3-431C-A6CB-D2A6A6362472}.Release|Any CPU.Build.0 = Release|Any CPU
		{3D964FDB-46C2-4C5D-A6C6-9CB1ECBF65DC}.Debug|Any CPU.ActiveCfg = Debug|Any CPU
		{3D964FDB-46C2-4C5D-A6C6-9CB1ECBF65DC}.Debug|Any CPU.Build.0 = Debug|Any CPU
		{3D964FDB-46C2-4C5D-A6C6-9CB1ECBF65DC}.Release|Any CPU.ActiveCfg = Release|Any CPU
		{3D964FDB-46C2-4C5D-A6C6-9CB1ECBF65DC}.Release|Any CPU.Build.0 = Release|Any CPU
		{854863F2-8B56-4625-ACFF-8BE2B4E5732A}.Debug|Any CPU.ActiveCfg = Debug|Any CPU
		{854863F2-8B56-4625-ACFF-8BE2B4E5732A}.Debug|Any CPU.Build.0 = Debug|Any CPU
		{854863F2-8B56-4625-ACFF-8BE2B4E5732A}.Release|Any CPU.ActiveCfg = Release|Any CPU
		{854863F2-8B56-4625-ACFF-8BE2B4E5732A}.Release|Any CPU.Build.0 = Release|Any CPU
		{95516852-FA6E-453C-9F60-790D0252B905}.Debug|Any CPU.ActiveCfg = Debug|Any CPU
		{95516852-FA6E-453C-9F60-790D0252B905}.Debug|Any CPU.Build.0 = Debug|Any CPU
		{95516852-FA6E-453C-9F60-790D0252B905}.Release|Any CPU.ActiveCfg = Release|Any CPU
		{95516852-FA6E-453C-9F60-790D0252B905}.Release|Any CPU.Build.0 = Release|Any CPU
		{E0B821C2-1A3A-427D-BE9E-88F18417FA57}.Debug|Any CPU.ActiveCfg = Debug|Any CPU
		{E0B821C2-1A3A-427D-BE9E-88F18417FA57}.Debug|Any CPU.Build.0 = Debug|Any CPU
		{E0B821C2-1A3A-427D-BE9E-88F18417FA57}.Release|Any CPU.ActiveCfg = Release|Any CPU
		{E0B821C2-1A3A-427D-BE9E-88F18417FA57}.Release|Any CPU.Build.0 = Release|Any CPU
	EndGlobalSection
	GlobalSection(MonoDevelopProperties) = preSolution
		StartupItem = Example\Example.csproj
	EndGlobalSection
	GlobalSection(SolutionProperties) = preSolution
		HideSolutionNode = FALSE
	EndGlobalSection
EndGlobal
